
Microsoft Visual Studio Solution File, Format Version 12.00
# Visual Studio 2012
Project("{8BC9CEB8-8B4A-11D0-8D11-00A0C91BC942}") = "VlcShow(v1.3)", "VlcShow(v1.3)\VlcShow(v1.3).vcxproj", "{45450F43-9027-4489-9D8B-9A90880BD9B4}"
EndProject
Global
	GlobalSection(SolutionConfigurationPlatforms) = preSolution
		Debug|Win32 = Debug|Win32
		Release|Win32 = Release|Win32
	EndGlobalSection
	GlobalSection(ProjectConfigurationPlatforms) = postSolution
		{45450F43-9027-4489-9D8B-9A90880BD9B4}.Debug|Win32.ActiveCfg = Debug|Win32
		{45450F43-9027-4489-9D8B-9A90880BD9B4}.Debug|Win32.Build.0 = Debug|Win32
		{45450F43-9027-4489-9D8B-9A90880BD9B4}.Release|Win32.ActiveCfg = Release|Win32
		{45450F43-9027-4489-9D8B-9A90880BD9B4}.Release|Win32.Build.0 = Release|Win32
	EndGlobalSection
	GlobalSection(SolutionProperties) = preSolution
		HideSolutionNode = FALSE
	EndGlobalSection
EndGlobal
